// !$*UTF8*$!
{
	archiveVersion = 1;
	classes = {
	};
	objectVersion = 48;
	objects = {

/* Begin PBXBuildFile section */
		C6EEEE0F2004AE7900280042 /* AppDelegate.swift in Sources */ = {isa = PBXBuildFile; fileRef = C6EEEE0E2004AE7900280042 /* AppDelegate.swift */; };
		C6EEEE112004AE7900280042 /* ViewController.swift in Sources */ = {isa = PBXBuildFile; fileRef = C6EEEE102004AE7900280042 /* ViewController.swift */; };
		C6EEEE142004AE7900280042 /* Main.storyboard in Resources */ = {isa = PBXBuildFile; fileRef = C6EEEE122004AE7900280042 /* Main.storyboard */; };
		C6EEEE162004AE7900280042 /* Assets.xcassets in Resources */ = {isa = PBXBuildFile; fileRef = C6EEEE152004AE7900280042 /* Assets.xcassets */; };
		C6EEEE192004AE7900280042 /* LaunchScreen.storyboard in Resources */ = {isa = PBXBuildFile; fileRef = C6EEEE172004AE7900280042 /* LaunchScreen.storyboard */; };
		C6EEEE212004AE9900280042 /* ScrollContainerViewController.swift in Sources */ = {isa = PBXBuildFile; fileRef = C6EEEE202004AE9900280042 /* ScrollContainerViewController.swift */; };
/* End PBXBuildFile section */

/* Begin PBXFileReference section */
		C6EEEE0B2004AE7900280042 /* ScrollContainer.app */ = {isa = PBXFileReference; explicitFileType = wrapper.application; includeInIndex = 0; path = ScrollContainer.app; sourceTree = BUILT_PRODUCTS_DIR; };
		C6EEEE0E2004AE7900280042 /* AppDelegate.swift */ = {isa = PBXFileReference; lastKnownFileType = sourcecode.swift; path = AppDelegate.swift; sourceTree = "<group>"; };
		C6EEEE102004AE7900280042 /* ViewController.swift */ = {isa = PBXFileReference; lastKnownFileType = sourcecode.swift; path = ViewController.swift; sourceTree = "<group>"; };
		C6EEEE132004AE7900280042 /* Base */ = {isa = PBXFileReference; lastKnownFileType = file.storyboard; name = Base; path = Base.lproj/Main.storyboard; sourceTree = "<group>"; };
		C6EEEE152004AE7900280042 /* Assets.xcassets */ = {isa = PBXFileReference; lastKnownFileType = folder.assetcatalog; path = Assets.xcassets; sourceTree = "<group>"; };
		C6EEEE182004AE7900280042 /* Base */ = {isa = PBXFileReference; lastKnownFileType = file.storyboard; name = Base; path = Base.lproj/LaunchScreen.storyboard; sourceTree = "<group>"; };
		C6EEEE1A2004AE7A00280042 /* Info.plist */ = {isa = PBXFileReference; lastKnownFileType = text.plist.xml; path = Info.plist; sourceTree = "<group>"; };
		C6EEEE202004AE9900280042 /* ScrollContainerViewController.swift */ = {isa = PBXFileReference; lastKnownFileType = sourcecode.swift; path = ScrollContainerViewController.swift; sourceTree = "<group>"; };
/* End PBXFileReference section */

/* Begin PBXFrameworksBuildPhase section */
		C6EEEE082004AE7900280042 /* Frameworks */ = {
			isa = PBXFrameworksBuildPhase;
			buildActionMask = 2147483647;
			files = (
			);
			runOnlyForDeploymentPostprocessing = 0;
		};
/* End PBXFrameworksBuildPhase section */

/* Begin PBXGroup section */
		C6EEEE022004AE7900280042 = {
			isa = PBXGroup;
			children = (
				C6EEEE0D2004AE7900280042 /* ScrollContainer */,
				C6EEEE0C2004AE7900280042 /* Products */,
			);
			sourceTree = "<group>";
		};
		C6EEEE0C2004AE7900280042 /* Products */ = {
			isa = PBXGroup;
			children = (
				C6EEEE0B2004AE7900280042 /* ScrollContainer.app */,
			);
			name = Products;
			sourceTree = "<group>";
		};
		C6EEEE0D2004AE7900280042 /* ScrollContainer */ = {
			isa = PBXGroup;
			children = (
				C6EEEE0E2004AE7900280042 /* AppDelegate.swift */,
				C6EEEE102004AE7900280042 /* ViewController.swift */,
				C6EEEE202004AE9900280042 /* ScrollContainerViewController.swift */,
				C6EEEE122004AE7900280042 /* Main.storyboard */,
				C6EEEE152004AE7900280042 /* Assets.xcassets */,
				C6EEEE172004AE7900280042 /* LaunchScreen.storyboard */,
				C6EEEE1A2004AE7A00280042 /* Info.plist */,
			);
			path = ScrollContainer;
			sourceTree = "<group>";
		};
/* End PBXGroup section */

/* Begin PBXNativeTarget section */
		C6EEEE0A2004AE7900280042 /* ScrollContainer */ = {
			isa = PBXNativeTarget;
			buildConfigurationList = C6EEEE1D2004AE7A00280042 /* Build configuration list for PBXNativeTarget "ScrollContainer" */;
			buildPhases = (
				C6EEEE072004AE7900280042 /* Sources */,
				C6EEEE082004AE7900280042 /* Frameworks */,
				C6EEEE092004AE7900280042 /* Resources */,
			);
			buildRules = (
			);
			dependencies = (
			);
			name = ScrollContainer;
			productName = ScrollContainer;
			productReference = C6EEEE0B2004AE7900280042 /* ScrollContainer.app */;
			productType = "com.apple.product-type.application";
		};
/* End PBXNativeTarget section */

/* Begin PBXProject section */
		C6EEEE032004AE7900280042 /* Project object */ = {
			isa = PBXProject;
			attributes = {
				LastSwiftUpdateCheck = 0920;
				LastUpgradeCheck = 0920;
				ORGANIZATIONNAME = Eter;
				TargetAttributes = {
					C6EEEE0A2004AE7900280042 = {
						CreatedOnToolsVersion = 9.2;
						ProvisioningStyle = Automatic;
					};
				};
			};
			buildConfigurationList = C6EEEE062004AE7900280042 /* Build configuration list for PBXProject "ScrollContainer" */;
			compatibilityVersion = "Xcode 8.0";
			developmentRegion = en;
			hasScannedForEncodings = 0;
			knownRegions = (
				en,
				Base,
			);
			mainGroup = C6EEEE022004AE7900280042;
			productRefGroup = C6EEEE0C2004AE7900280042 /* Products */;
			projectDirPath = "";
			projectRoot = "";
			targets = (
				C6EEEE0A2004AE7900280042 /* ScrollContainer */,
			);
		};
/* End PBXProject section */

/* Begin PBXResourcesBuildPhase section */
		C6EEEE092004AE7900280042 /* Resources */ = {
			isa = PBXResourcesBuildPhase;
			buildActionMask = 2147483647;
			files = (
				C6EEEE192004AE7900280042 /* LaunchScreen.storyboard in Resources */,
				C6EEEE162004AE7900280042 /* Assets.xcassets in Resources */,
				C6EEEE142004AE7900280042 /* Main.storyboard in Resources */,
			);
			runOnlyForDeploymentPostprocessing = 0;
		};
/* End PBXResourcesBuildPhase section */

/* Begin PBXSourcesBuildPhase section */
		C6EEEE072004AE7900280042 /* Sources */ = {
			isa = PBXSourcesBuildPhase;
			buildActionMask = 2147483647;
			files = (
				C6EEEE112004AE7900280042 /* ViewController.swift in Sources */,
				C6EEEE212004AE9900280042 /* ScrollContainerViewController.swift in Sources */,
				C6EEEE0F2004AE7900280042 /* AppDelegate.swift in Sources */,
			);
			runOnlyForDeploymentPostprocessing = 0;
		};
/* End PBXSourcesBuildPhase section */

/* Begin PBXVariantGroup section */
		C6EEEE122004AE7900280042 /* Main.storyboard */ = {
			isa = PBXVariantGroup;
			children = (
				C6EEEE132004AE7900280042 /* Base */,
			);
			name = Main.storyboard;
			sourceTree = "<group>";
		};
		C6EEEE172004AE7900280042 /* LaunchScreen.storyboard */ = {
			isa = PBXVariantGroup;
			children = (
				C6EEEE182004AE7900280042 /* Base */,
			);
			name = LaunchScreen.storyboard;
			sourceTree = "<group>";
		};
/* End PBXVariantGroup section */

/* Begin XCBuildConfiguration section */
		C6EEEE1B2004AE7A00280042 /* Debug */ = {
			isa = XCBuildConfiguration;
			buildSettings = {
				ALWAYS_SEARCH_USER_PATHS = NO;
				CLANG_ANALYZER_NONNULL = YES;
				CLANG_ANALYZER_NUMBER_OBJECT_CONVERSION = YES_AGGRESSIVE;
				CLANG_CXX_LANGUAGE_STANDARD = "gnu++14";
				CLANG_CXX_LIBRARY = "libc++";
				CLANG_ENABLE_MODULES = YES;
				CLANG_ENABLE_OBJC_ARC = YES;
				CLANG_WARN_BLOCK_CAPTURE_AUTORELEASING = YES;
				CLANG_WARN_BOOL_CONVERSION = YES;
				CLANG_WARN_COMMA = YES;
				CLANG_WARN_CONSTANT_CONVERSION = YES;
				CLANG_WARN_DIRECT_OBJC_ISA_USAGE = YES_ERROR;
				CLANG_WARN_DOCUMENTATION_COMMENTS = YES;
				CLANG_WARN_EMPTY_BODY = YES;
				CLANG_WARN_ENUM_CONVERSION = YES;
				CLANG_WARN_INFINITE_RECURSION = YES;
				CLANG_WARN_INT_CONVERSION = YES;
				CLANG_WARN_NON_LITERAL_NULL_CONVERSION = YES;
				CLANG_WARN_OBJC_LITERAL_CONVERSION = YES;
				CLANG_WARN_OBJC_ROOT_CLASS = YES_ERROR;
				CLANG_WARN_RANGE_LOOP_ANALYSIS = YES;
				CLANG_WARN_STRICT_PROTOTYPES = YES;
				CLANG_WARN_SUSPICIOUS_MOVE = YES;
				CLANG_WARN_UNGUARDED_AVAILABILITY = YES_AGGRESSIVE;
				CLANG_WARN_UNREACHABLE_CODE = YES;
				CLANG_WARN__DUPLICATE_METHOD_MATCH = YES;
				CODE_SIGN_IDENTITY = "iPhone Developer";
				COPY_PHASE_STRIP = NO;
				DEBUG_INFORMATION_FORMAT = dwarf;
				ENABLE_STRICT_OBJC_MSGSEND = YES;
				ENABLE_TESTABILITY = YES;
				GCC_C_LANGUAGE_STANDARD = gnu11;
				GCC_DYNAMIC_NO_PIC = NO;
				GCC_NO_COMMON_BLOCKS = YES;
				GCC_OPTIMIZATION_LEVEL = 0;
				GCC_PREPROCESSOR_DEFINITIONS = (
					"DEBUG=1",
					"$(inherited)",
				);
				GCC_WARN_64_TO_32_BIT_CONVERSION = YES;
				GCC_WARN_ABOUT_RETURN_TYPE = YES_ERROR;
				GCC_WARN_UNDECLARED_SELECTOR = YES;
				GCC_WARN_UNINITIALIZED_AUTOS = YES_AGGRESSIVE;
				GCC_WARN_UNUSED_FUNCTION = YES;
				GCC_WARN_UNUSED_VARIABLE = YES;
				IPHONEOS_DEPLOYMENT_TARGET = 11.2;
				MTL_ENABLE_DEBUG_INFO = YES;
				ONLY_ACTIVE_ARCH = YES;
				SDKROOT = iphoneos;
				SWIFT_ACTIVE_COMPILATION_CONDITIONS = DEBUG;
				SWIFT_OPTIMIZATION_LEVEL = "-Onone";
			};
			name = Debug;
		};
		C6EEEE1C2004AE7A00280042 /* Release */ = {
			isa = XCBuildConfiguration;
			buildSettings = {
				ALWAYS_SEARCH_USER_PATHS = NO;
				CLANG_ANALYZER_NONNULL = YES;
				CLANG_ANALYZER_NUMBER_OBJECT_CONVERSION = YES_AGGRESSIVE;
				CLANG_CXX_LANGUAGE_STANDARD = "gnu++14";
				CLANG_CXX_LIBRARY = "libc++";
				CLANG_ENABLE_MODULES = YES;
				CLANG_ENABLE_OBJC_ARC = YES;
				CLANG_WARN_BLOCK_CAPTURE_AUTORELEASING = YES;
				CLANG_WARN_BOOL_CONVERSION = YES;
				CLANG_WARN_COMMA = YES;
				CLANG_WARN_CONSTANT_CONVERSION = YES;
				CLANG_WARN_DIRECT_OBJC_ISA_USAGE = YES_ERROR;
				CLANG_WARN_DOCUMENTATION_COMMENTS = YES;
				CLANG_WARN_EMPTY_BODY = YES;
				CLANG_WARN_ENUM_CONVERSION = YES;
				CLANG_WARN_INFINITE_RECURSION = YES;
				CLANG_WARN_INT_CONVERSION = YES;
				CLANG_WARN_NON_LITERAL_NULL_CONVERSION = YES;
				CLANG_WARN_OBJC_LITERAL_CONVERSION = YES;
				CLANG_WARN_OBJC_ROOT_CLASS = YES_ERROR;
				CLANG_WARN_RANGE_LOOP_ANALYSIS = YES;
				CLANG_WARN_STRICT_PROTOTYPES = YES;
				CLANG_WARN_SUSPICIOUS_MOVE = YES;
				CLANG_WARN_UNGUARDED_AVAILABILITY = YES_AGGRESSIVE;
				CLANG_WARN_UNREACHABLE_CODE = YES;
				CLANG_WARN__DUPLICATE_METHOD_MATCH = YES;
				CODE_SIGN_IDENTITY = "iPhone Developer";
				COPY_PHASE_STRIP = NO;
				DEBUG_INFORMATION_FORMAT = "dwarf-with-dsym";
				ENABLE_NS_ASSERTIONS = NO;
				ENABLE_STRICT_OBJC_MSGSEND = YES;
				GCC_C_LANGUAGE_STANDARD = gnu11;
				GCC_NO_COMMON_BLOCKS = YES;
				GCC_WARN_64_TO_32_BIT_CONVERSION = YES;
				GCC_WARN_ABOUT_RETURN_TYPE = YES_ERROR;
				GCC_WARN_UNDECLARED_SELECTOR = YES;
				GCC_WARN_UNINITIALIZED_AUTOS = YES_AGGRESSIVE;
				GCC_WARN_UNUSED_FUNCTION = YES;
				GCC_WARN_UNUSED_VARIABLE = YES;
				IPHONEOS_DEPLOYMENT_TARGET = 11.2;
				MTL_ENABLE_DEBUG_INFO = NO;
				SDKROOT = iphoneos;
				SWIFT_OPTIMIZATION_LEVEL = "-Owholemodule";
				VALIDATE_PRODUCT = YES;
			};
			name = Release;
		};
		C6EEEE1E2004AE7A00280042 /* Debug */ = {
			isa = XCBuildConfiguration;
			buildSettings = {
				ASSETCATALOG_COMPILER_APPICON_NAME = AppIcon;
				CODE_SIGN_STYLE = Automatic;
				DEVELOPMENT_TEAM = "";
				INFOPLIST_FILE = ScrollContainer/Info.plist;
				LD_RUNPATH_SEARCH_PATHS = "$(inherited) @executable_path/Frameworks";
				PRODUCT_BUNDLE_IDENTIFIER = eter.ScrollContainer;
				PRODUCT_NAME = "$(TARGET_NAME)";
				SWIFT_VERSION = 4.0;
				TARGETED_DEVICE_FAMILY = "1,2";
			};
			name = Debug;
		};
		C6EEEE1F2004AE7A00280042 /* Release */ = {
			isa = XCBuildConfiguration;
			buildSettings = {
				ASSETCATALOG_COMPILER_APPICON_NAME = AppIcon;
				CODE_SIGN_STYLE = Automatic;
				DEVELOPMENT_TEAM = "";
				INFOPLIST_FILE = ScrollContainer/Info.plist;
				LD_RUNPATH_SEARCH_PATHS = "$(inherited) @executable_path/Frameworks";
				PRODUCT_BUNDLE_IDENTIFIER = eter.ScrollContainer;
				PRODUCT_NAME = "$(TARGET_NAME)";
				SWIFT_VERSION = 4.0;
				TARGETED_DEVICE_FAMILY = "1,2";
			};
			name = Release;
		};
/* End XCBuildConfiguration section */

/* Begin XCConfigurationList section */
		C6EEEE062004AE7900280042 /* Build configuration list for PBXProject "ScrollContainer" */ = {
			isa = XCConfigurationList;
			buildConfigurations = (
				C6EEEE1B2004AE7A00280042 /* Debug */,
				C6EEEE1C2004AE7A00280042 /* Release */,
			);
			defaultConfigurationIsVisible = 0;
			defaultConfigurationName = Release;
		};
		C6EEEE1D2004AE7A00280042 /* Build configuration list for PBXNativeTarget "ScrollContainer" */ = {
			isa = XCConfigurationList;
			buildConfigurations = (
				C6EEEE1E2004AE7A00280042 /* Debug */,
				C6EEEE1F2004AE7A00280042 /* Release */,
			);
			defaultConfigurationIsVisible = 0;
			defaultConfigurationName = Release;
		};
/* End XCConfigurationList section */
	};
	rootObject = C6EEEE032004AE7900280042 /* Project object */;
}
